dependencies:
- name: reloader
  repository: https://stakater.github.io/stakater-charts
  version: 1.3.0
- name: common
  repository: https://charts.bitnami.com/bitnami
  version: 2.27.0
digest: sha256:ae6df871417942e8cb1be844996fb29299582abf7e3d90df02b10ef6633b7461
generated: "2025-02-17T16:09:18.119994348Z"
