dependencies:
- name: reloader
  repository: https://stakater.github.io/stakater-charts
  version: 2.0.0
- name: common
  repository: https://charts.bitnami.com/bitnami
  version: 2.27.0
digest: sha256:69a6916d6eff2ad04833756e0f9f2e17909c5e3e3973e83abc85a8887c4ea4e2
generated: "2025-03-24T21:41:34.581483917Z"
